Microsoft Visual Studio Solution File, Format Version 11.00
# Visual Studio 2010
Project("{FAE04EC0-301F-11D3-BF4B-00C04F79EFBC}") = "cs-failures", "failures\cs-failures.csproj", "{15D66EEE-A852-4A52-89C2-83E74ECF3770}"
EndProject
Project("{FAE04EC0-301F-11D3-BF4B-00C04F79EFBC}") = "cs-money", "money\cs-money.csproj", "{11EDF872-A04D-4F75-A1BF-71168DC86AF3}"
EndProject
Project("{FAE04EC0-301F-11D3-BF4B-00C04F79EFBC}") = "cs-syntax", "syntax\cs-syntax.csproj", "{06F46FA2-687B-4B46-A912-C1B0B4CC1B20}"
EndProject
Project("{FAE04EC0-301F-11D3-BF4B-00C04F79EFBC}") = "ConsoleApplication1", "ConsoleApplication1\ConsoleApplication1.csproj", "{BD3DA405-5678-444A-B8AE-2C33E4E53934}"
EndProject
Project("{FAE04EC0-301F-11D3-BF4B-00C04F79EFBC}") = "ClassLibrary1", "ClassLibrary1\ClassLibrary1.csproj", "{656D4F63-A3C2-453A-B40C-F2050EFE3077}"
EndProject
Project("{FAE04EC0-301F-11D3-BF4B-00C04F79EFBC}") = "VisualStudioTesting", "TestingExamples\VisualStudioTesting.csproj", "{DD82C11F-E92A-4A88-8624-1ADB85CACBF2}"
EndProject
Project("{FAE04EC0-301F-11D3-BF4B-00C04F79EFBC}") = "TestProject1", "TestProject1\TestProject1.csproj", "{89894BC7-06CC-4968-90F6-6EB30298A342}"
EndProject
Project("{2150E333-8FDC-42A3-9474-1A3956D46DE8}") = "Solution Items", "Solution Items", "{316C69AD-B66C-401C-AFF2-F9DAA54FF9B0}"
	ProjectSection(SolutionItems) = preProject
		CSharp.vsmdi = CSharp.vsmdi
		Local.testsettings = Local.testsettings
		TraceAndTestImpact.testsettings = TraceAndTestImpact.testsettings
	EndProjectSection
EndProject
Global
	GlobalSection(TestCaseManagementSettings) = postSolution
		CategoryFile = CSharp.vsmdi
	EndGlobalSection
	GlobalSection(SolutionConfigurationPlatforms) = preSolution
		Debug|Any CPU = Debug|Any CPU
		Debug|Mixed Platforms = Debug|Mixed Platforms
		Debug|x86 = Debug|x86
		Release|Any CPU = Release|Any CPU
		Release|Mixed Platforms = Release|Mixed Platforms
		Release|x86 = Release|x86
	EndGlobalSection
	GlobalSection(ProjectConfigurationPlatforms) = postSolution
		{15D66EEE-A852-4A52-89C2-83E74ECF3770}.Debug|Any CPU.ActiveCfg = Debug|Any CPU
		{15D66EEE-A852-4A52-89C2-83E74ECF3770}.Debug|Any CPU.Build.0 = Debug|Any CPU
		{15D66EEE-A852-4A52-89C2-83E74ECF3770}.Debug|Mixed Platforms.ActiveCfg = Debug|Any CPU
		{15D66EEE-A852-4A52-89C2-83E74ECF3770}.Debug|Mixed Platforms.Build.0 = Debug|Any CPU
		{15D66EEE-A852-4A52-89C2-83E74ECF3770}.Debug|x86.ActiveCfg = Debug|Any CPU
		{15D66EEE-A852-4A52-89C2-83E74ECF3770}.Release|Any CPU.ActiveCfg = Release|Any CPU
		{15D66EEE-A852-4A52-89C2-83E74ECF3770}.Release|Any CPU.Build.0 = Release|Any CPU
		{15D66EEE-A852-4A52-89C2-83E74ECF3770}.Release|Mixed Platforms.ActiveCfg = Release|Any CPU
		{15D66EEE-A852-4A52-89C2-83E74ECF3770}.Release|Mixed Platforms.Build.0 = Release|Any CPU
		{15D66EEE-A852-4A52-89C2-83E74ECF3770}.Release|x86.ActiveCfg = Release|Any CPU
		{11EDF872-A04D-4F75-A1BF-71168DC86AF3}.Debug|Any CPU.ActiveCfg = Debug|Any CPU
		{11EDF872-A04D-4F75-A1BF-71168DC86AF3}.Debug|Any CPU.Build.0 = Debug|Any CPU
		{11EDF872-A04D-4F75-A1BF-71168DC86AF3}.Debug|Mixed Platforms.ActiveCfg = Debug|Any CPU
		{11EDF872-A04D-4F75-A1BF-71168DC86AF3}.Debug|Mixed Platforms.Build.0 = Debug|Any CPU
		{11EDF872-A04D-4F75-A1BF-71168DC86AF3}.Debug|x86.ActiveCfg = Debug|Any CPU
		{11EDF872-A04D-4F75-A1BF-71168DC86AF3}.Release|Any CPU.ActiveCfg = Release|Any CPU
		{11EDF872-A04D-4F75-A1BF-71168DC86AF3}.Release|Any CPU.Build.0 = Release|Any CPU
		{11EDF872-A04D-4F75-A1BF-71168DC86AF3}.Release|Mixed Platforms.ActiveCfg = Release|Any CPU
		{11EDF872-A04D-4F75-A1BF-71168DC86AF3}.Release|Mixed Platforms.Build.0 = Release|Any CPU
		{11EDF872-A04D-4F75-A1BF-71168DC86AF3}.Release|x86.ActiveCfg = Release|Any CPU
		{06F46FA2-687B-4B46-A912-C1B0B4CC1B20}.Debug|Any CPU.ActiveCfg = Debug|Any CPU
		{06F46FA2-687B-4B46-A912-C1B0B4CC1B20}.Debug|Any CPU.Build.0 = Debug|Any CPU
		{06F46FA2-687B-4B46-A912-C1B0B4CC1B20}.Debug|Mixed Platforms.ActiveCfg = Debug|Any CPU
		{06F46FA2-687B-4B46-A912-C1B0B4CC1B20}.Debug|Mixed Platforms.Build.0 = Debug|Any CPU
		{06F46FA2-687B-4B46-A912-C1B0B4CC1B20}.Debug|x86.ActiveCfg = Debug|Any CPU
		{06F46FA2-687B-4B46-A912-C1B0B4CC1B20}.Release|Any CPU.ActiveCfg = Release|Any CPU
		{06F46FA2-687B-4B46-A912-C1B0B4CC1B20}.Release|Any CPU.Build.0 = Release|Any CPU
		{06F46FA2-687B-4B46-A912-C1B0B4CC1B20}.Release|Mixed Platforms.ActiveCfg = Release|Any CPU
		{06F46FA2-687B-4B46-A912-C1B0B4CC1B20}.Release|Mixed Platforms.Build.0 = Release|Any CPU
		{06F46FA2-687B-4B46-A912-C1B0B4CC1B20}.Release|x86.ActiveCfg = Release|Any CPU
		{BD3DA405-5678-444A-B8AE-2C33E4E53934}.Debug|Any CPU.ActiveCfg = Debug|x86
		{BD3DA405-5678-444A-B8AE-2C33E4E53934}.Debug|Mixed Platforms.ActiveCfg = Debug|x86
		{BD3DA405-5678-444A-B8AE-2C33E4E53934}.Debug|Mixed Platforms.Build.0 = Debug|x86
		{BD3DA405-5678-444A-B8AE-2C33E4E53934}.Debug|x86.ActiveCfg = Debug|x86
		{BD3DA405-5678-444A-B8AE-2C33E4E53934}.Debug|x86.Build.0 = Debug|x86
		{BD3DA405-5678-444A-B8AE-2C33E4E53934}.Release|Any CPU.ActiveCfg = Release|x86
		{BD3DA405-5678-444A-B8AE-2C33E4E53934}.Release|Mixed Platforms.ActiveCfg = Release|x86
		{BD3DA405-5678-444A-B8AE-2C33E4E53934}.Release|Mixed Platforms.Build.0 = Release|x86
		{BD3DA405-5678-444A-B8AE-2C33E4E53934}.Release|x86.ActiveCfg = Release|x86
		{BD3DA405-5678-444A-B8AE-2C33E4E53934}.Release|x86.Build.0 = Release|x86
		{656D4F63-A3C2-453A-B40C-F2050EFE3077}.Debug|Any CPU.ActiveCfg = Debug|Any CPU
		{656D4F63-A3C2-453A-B40C-F2050EFE3077}.Debug|Any CPU.Build.0 = Debug|Any CPU
		{656D4F63-A3C2-453A-B40C-F2050EFE3077}.Debug|Mixed Platforms.ActiveCfg = Debug|Any CPU
		{656D4F63-A3C2-453A-B40C-F2050EFE3077}.Debug|Mixed Platforms.Build.0 = Debug|Any CPU
		{656D4F63-A3C2-453A-B40C-F2050EFE3077}.Debug|x86.ActiveCfg = Debug|Any CPU
		{656D4F63-A3C2-453A-B40C-F2050EFE3077}.Release|Any CPU.ActiveCfg = Release|Any CPU
		{656D4F63-A3C2-453A-B40C-F2050EFE3077}.Release|Any CPU.Build.0 = Release|Any CPU
		{656D4F63-A3C2-453A-B40C-F2050EFE3077}.Release|Mixed Platforms.ActiveCfg = Release|Any CPU
		{656D4F63-A3C2-453A-B40C-F2050EFE3077}.Release|Mixed Platforms.Build.0 = Release|Any CPU
		{656D4F63-A3C2-453A-B40C-F2050EFE3077}.Release|x86.ActiveCfg = Release|Any CPU
		{DD82C11F-E92A-4A88-8624-1ADB85CACBF2}.Debug|Any CPU.ActiveCfg = Debug|Any CPU
		{DD82C11F-E92A-4A88-8624-1ADB85CACBF2}.Debug|Any CPU.Build.0 = Debug|Any CPU
		{DD82C11F-E92A-4A88-8624-1ADB85CACBF2}.Debug|Mixed Platforms.ActiveCfg = Debug|Any CPU
		{DD82C11F-E92A-4A88-8624-1ADB85CACBF2}.Debug|Mixed Platforms.Build.0 = Debug|Any CPU
		{DD82C11F-E92A-4A88-8624-1ADB85CACBF2}.Debug|x86.ActiveCfg = Debug|Any CPU
		{DD82C11F-E92A-4A88-8624-1ADB85CACBF2}.Release|Any CPU.ActiveCfg = Release|Any CPU
		{DD82C11F-E92A-4A88-8624-1ADB85CACBF2}.Release|Any CPU.Build.0 = Release|Any CPU
		{DD82C11F-E92A-4A88-8624-1ADB85CACBF2}.Release|Mixed Platforms.ActiveCfg = Release|Any CPU
		{DD82C11F-E92A-4A88-8624-1ADB85CACBF2}.Release|Mixed Platforms.Build.0 = Release|Any CPU
		{DD82C11F-E92A-4A88-8624-1ADB85CACBF2}.Release|x86.ActiveCfg = Release|Any CPU
		{89894BC7-06CC-4968-90F6-6EB30298A342}.Debug|Any CPU.ActiveCfg = Debug|Any CPU
		{89894BC7-06CC-4968-90F6-6EB30298A342}.Debug|Any CPU.Build.0 = Debug|Any CPU
		{89894BC7-06CC-4968-90F6-6EB30298A342}.Debug|Mixed Platforms.ActiveCfg = Debug|Any CPU
		{89894BC7-06CC-4968-90F6-6EB30298A342}.Debug|Mixed Platforms.Build.0 = Debug|Any CPU
		{89894BC7-06CC-4968-90F6-6EB30298A342}.Debug|x86.ActiveCfg = Debug|Any CPU
		{89894BC7-06CC-4968-90F6-6EB30298A342}.Release|Any CPU.ActiveCfg = Release|Any CPU
		{89894BC7-06CC-4968-90F6-6EB30298A342}.Release|Any CPU.Build.0 = Release|Any CPU
		{89894BC7-06CC-4968-90F6-6EB30298A342}.Release|Mixed Platforms.ActiveCfg = Release|Any CPU
		{89894BC7-06CC-4968-90F6-6EB30298A342}.Release|Mixed Platforms.Build.0 = Release|Any CPU
		{89894BC7-06CC-4968-90F6-6EB30298A342}.Release|x86.ActiveCfg = Release|Any CPU
	EndGlobalSection
	GlobalSection(SolutionProperties) = preSolution
		HideSolutionNode = FALSE
	EndGlobalSection
EndGlobal
